# This file is generated by running "yarn install" inside your project.
# Manual changes might be lost - proceed with caution!

__metadata:
  version: 8
  cacheKey: 10c0

"@jridgewell/gen-mapping@npm:^0.3.5":
  version: 0.3.8
  resolution: "@jridgewell/gen-mapping@npm:0.3.8"
  dependencies:
    "@jridgewell/set-array": "npm:^1.2.1"
    "@jridgewell/sourcemap-codec": "npm:^1.4.10"
    "@jridgewell/trace-mapping": "npm:^0.3.24"
  checksum: 10c0/c668feaf86c501d7c804904a61c23c67447b2137b813b9ce03eca82cb9d65ac7006d766c218685d76e3d72828279b6ee26c347aa1119dab23fbaf36aed51585a
  languageName: node
  linkType: hard

"@jridgewell/resolve-uri@npm:^3.1.0":
  version: 3.1.2
  resolution: "@jridgewell/resolve-uri@npm:3.1.2"
  checksum: 10c0/d502e6fb516b35032331406d4e962c21fe77cdf1cbdb49c6142bcbd9e30507094b18972778a6e27cbad756209cfe34b1a27729e6fa08a2eb92b33943f680cf1e
  languageName: node
  linkType: hard

"@jridgewell/set-array@npm:^1.2.1":
  version: 1.2.1
  resolution: "@jridgewell/set-array@npm:1.2.1"
  checksum: 10c0/2a5aa7b4b5c3464c895c802d8ae3f3d2b92fcbe84ad12f8d0bfbb1f5ad006717e7577ee1fd2eac00c088abe486c7adb27976f45d2941ff6b0b92b2c3302c60f4
  languageName: node
  linkType: hard

"@jridgewell/source-map@npm:^0.3.3":
  version: 0.3.6
  resolution: "@jridgewell/source-map@npm:0.3.6"
  dependencies:
    "@jridgewell/gen-mapping": "npm:^0.3.5"
    "@jridgewell/trace-mapping": "npm:^0.3.25"
  checksum: 10c0/6a4ecc713ed246ff8e5bdcc1ef7c49aaa93f7463d948ba5054dda18b02dcc6a055e2828c577bcceee058f302ce1fc95595713d44f5c45e43d459f88d267f2f04
  languageName: node
  linkType: hard

"@jridgewell/sourcemap-codec@npm:^1.4.10, @jridgewell/sourcemap-codec@npm:^1.4.14":
  version: 1.5.0
  resolution: "@jridgewell/sourcemap-codec@npm:1.5.0"
  checksum: 10c0/2eb864f276eb1096c3c11da3e9bb518f6d9fc0023c78344cdc037abadc725172c70314bdb360f2d4b7bffec7f5d657ce006816bc5d4ecb35e61b66132db00c18
  languageName: node
  linkType: hard

"@jridgewell/trace-mapping@npm:^0.3.24, @jridgewell/trace-mapping@npm:^0.3.25":
  version: 0.3.25
  resolution: "@jridgewell/trace-mapping@npm:0.3.25"
  dependencies:
    "@jridgewell/resolve-uri": "npm:^3.1.0"
    "@jridgewell/sourcemap-codec": "npm:^1.4.14"
  checksum: 10c0/3d1ce6ebc69df9682a5a8896b414c6537e428a1d68b02fcc8363b04284a8ca0df04d0ee3013132252ab14f2527bc13bea6526a912ecb5658f0e39fd2860b4df4
  languageName: node
  linkType: hard

"acorn@npm:^8.8.2":
  version: 8.14.1
  resolution: "acorn@npm:8.14.1"
  bin:
    acorn: bin/acorn
  checksum: 10c0/dbd36c1ed1d2fa3550140000371fcf721578095b18777b85a79df231ca093b08edc6858d75d6e48c73e431c174dcf9214edbd7e6fa5911b93bd8abfa54e47123
  languageName: node
  linkType: hard

"buffer-from@npm:^1.0.0":
  version: 1.1.2
  resolution: "buffer-from@npm:1.1.2"
  checksum: 10c0/124fff9d66d691a86d3b062eff4663fe437a9d9ee4b47b1b9e97f5a5d14f6d5399345db80f796827be7c95e70a8e765dd404b7c3ff3b3324f98e9b0c8826cc34
  languageName: node
  linkType: hard

"clean-css@npm:^5.3.2":
  version: 5.3.3
  resolution: "clean-css@npm:5.3.3"
  dependencies:
    source-map: "npm:~0.6.0"
  checksum: 10c0/381de7523e23f3762eb180e327dcc0cedafaf8cb1cd8c26b7cc1fc56e0829a92e734729c4f955394d65ed72fb62f82d8baf78af34b33b8a7d41ebad2accdd6fb
  languageName: node
  linkType: hard

"commander@npm:^2.20.0":
  version: 2.20.3
  resolution: "commander@npm:2.20.3"
  checksum: 10c0/74c781a5248c2402a0a3e966a0a2bba3c054aad144f5c023364be83265e796b20565aa9feff624132ff629aa64e16999fa40a743c10c12f7c61e96a794b99288
  languageName: node
  linkType: hard

"j-ga@workspace:.":
  version: 0.0.0-use.local
  resolution: "j-ga@workspace:."
  dependencies:
    clean-css: "npm:^5.3.2"
    terser: "npm:^5.24.0"
  languageName: unknown
  linkType: soft

"source-map-support@npm:~0.5.20":
  version: 0.5.21
  resolution: "source-map-support@npm:0.5.21"
  dependencies:
    buffer-from: "npm:^1.0.0"
    source-map: "npm:^0.6.0"
  checksum: 10c0/9ee09942f415e0f721d6daad3917ec1516af746a8120bba7bb56278707a37f1eb8642bde456e98454b8a885023af81a16e646869975f06afc1a711fb90484e7d
  languageName: node
  linkType: hard

"source-map@npm:^0.6.0, source-map@npm:~0.6.0":
  version: 0.6.1
  resolution: "source-map@npm:0.6.1"
  checksum: 10c0/ab55398007c5e5532957cb0beee2368529618ac0ab372d789806f5718123cc4367d57de3904b4e6a4170eb5a0b0f41373066d02ca0735a0c4d75c7d328d3e011
  languageName: node
  linkType: hard

"terser@npm:^5.24.0":
  version: 5.39.0
  resolution: "terser@npm:5.39.0"
  dependencies:
    "@jridgewell/source-map": "npm:^0.3.3"
    acorn: "npm:^8.8.2"
    commander: "npm:^2.20.0"
    source-map-support: "npm:~0.5.20"
  bin:
    terser: bin/terser
  checksum: 10c0/83326545ea1aecd6261030568b6191ccfa4cb6aa61d9ea41746a52479f50017a78b77e4725fbbc207c5df841ffa66a773c5ac33636e95c7ab94fe7e0379ae5c7
  languageName: node
  linkType: hard
